// !$*UTF8*$!
{
	archiveVersion = 1;
	classes = {
	};
	objectVersion = 56;
	objects = {

/* Begin PBXBuildFile section */
		517E01292964D5CC00144F24 /* player.json in Resources */ = {isa = PBXBuildFile; fileRef = 517E01252964D5CB00144F24 /* player.json */; };
		517E012A2964D5CC00144F24 /* category.json in Resources */ = {isa = PBXBuildFile; fileRef = 517E01262964D5CB00144F24 /* category.json */; };
		517E012B2964D5CC00144F24 /* product.json in Resources */ = {isa = PBXBuildFile; fileRef = 517E01272964D5CB00144F24 /* product.json */; };
		517E012C2964D5CC00144F24 /* brand.json in Resources */ = {isa = PBXBuildFile; fileRef = 517E01282964D5CC00144F24 /* brand.json */; };
		517E01372964D8CA00144F24 /* Constant.swift in Sources */ = {isa = PBXBuildFile; fileRef = 517E01362964D8CA00144F24 /* Constant.swift */; };
		518A8CF12966178E005D607B /* HomePage.swift in Sources */ = {isa = PBXBuildFile; fileRef = 518A8CF02966178E005D607B /* HomePage.swift */; };
		518A8CF32966196D005D607B /* NavigationBarView.swift in Sources */ = {isa = PBXBuildFile; fileRef = 518A8CF22966196D005D607B /* NavigationBarView.swift */; };
		519379AA296385BA006473D6 /* EcommerceSwiftUIApp.swift in Sources */ = {isa = PBXBuildFile; fileRef = 519379A9296385BA006473D6 /* EcommerceSwiftUIApp.swift */; };
		519379AC296385BA006473D6 /* ContentView.swift in Sources */ = {isa = PBXBuildFile; fileRef = 519379AB296385BA006473D6 /* ContentView.swift */; };
		519379AE296385BB006473D6 /* Assets.xcassets in Resources */ = {isa = PBXBuildFile; fileRef = 519379AD296385BB006473D6 /* Assets.xcassets */; };
		519379B1296385BB006473D6 /* Preview Assets.xcassets in Resources */ = {isa = PBXBuildFile; fileRef = 519379B0296385BB006473D6 /* Preview Assets.xcassets */; };
/* End PBXBuildFile section */

/* Begin PBXFileReference section */
		517E01252964D5CB00144F24 /* player.json */ = {isa = PBXFileReference; fileEncoding = 4; lastKnownFileType = text.json; path = player.json; sourceTree = "<group>"; };
		517E01262964D5CB00144F24 /* category.json */ = {isa = PBXFileReference; fileEncoding = 4; lastKnownFileType = text.json; path = category.json; sourceTree = "<group>"; };
		517E01272964D5CB00144F24 /* product.json */ = {isa = PBXFileReference; fileEncoding = 4; lastKnownFileType = text.json; path = product.json; sourceTree = "<group>"; };
		517E01282964D5CC00144F24 /* brand.json */ = {isa = PBXFileReference; fileEncoding = 4; lastKnownFileType = text.json; path = brand.json; sourceTree = "<group>"; };
		517E012E2964D64F00144F24 /* Info.plist */ = {isa = PBXFileReference; lastKnownFileType = text.plist; path = Info.plist; sourceTree = "<group>"; };
		517E01362964D8CA00144F24 /* Constant.swift */ = {isa = PBXFileReference; lastKnownFileType = sourcecode.swift; path = Constant.swift; sourceTree = "<group>"; };
		518A8CF02966178E005D607B /* HomePage.swift */ = {isa = PBXFileReference; lastKnownFileType = sourcecode.swift; path = HomePage.swift; sourceTree = "<group>"; };
		518A8CF22966196D005D607B /* NavigationBarView.swift */ = {isa = PBXFileReference; lastKnownFileType = sourcecode.swift; path = NavigationBarView.swift; sourceTree = "<group>"; };
		519379A6296385BA006473D6 /* EcommerceSwiftUI.app */ = {isa = PBXFileReference; explicitFileType = wrapper.application; includeInIndex = 0; path = EcommerceSwiftUI.app; sourceTree = BUILT_PRODUCTS_DIR; };
		519379A9296385BA006473D6 /* EcommerceSwiftUIApp.swift */ = {isa = PBXFileReference; lastKnownFileType = sourcecode.swift; path = EcommerceSwiftUIApp.swift; sourceTree = "<group>"; };
		519379AB296385BA006473D6 /* ContentView.swift */ = {isa = PBXFileReference; lastKnownFileType = sourcecode.swift; path = ContentView.swift; sourceTree = "<group>"; };
		519379AD296385BB006473D6 /* Assets.xcassets */ = {isa = PBXFileReference; lastKnownFileType = folder.assetcatalog; path = Assets.xcassets; sourceTree = "<group>"; };
		519379B0296385BB006473D6 /* Preview Assets.xcassets */ = {isa = PBXFileReference; lastKnownFileType = folder.assetcatalog; path = "Preview Assets.xcassets"; sourceTree = "<group>"; };
/* End PBXFileReference section */

/* Begin PBXFrameworksBuildPhase section */
		519379A3296385BA006473D6 /* Frameworks */ = {
			isa = PBXFrameworksBuildPhase;
			buildActionMask = 2147483647;
			files = (
			);
			runOnlyForDeploymentPostprocessing = 0;
		};
/* End PBXFrameworksBuildPhase section */

/* Begin PBXGroup section */
		517E012D2964D5E800144F24 /* Data */ = {
			isa = PBXGroup;
			children = (
				517E01282964D5CC00144F24 /* brand.json */,
				517E01262964D5CB00144F24 /* category.json */,
				517E01252964D5CB00144F24 /* player.json */,
				517E01272964D5CB00144F24 /* product.json */,
			);
			path = Data;
			sourceTree = "<group>";
		};
		517E012F2964D7A300144F24 /* App */ = {
			isa = PBXGroup;
			children = (
				519379A9296385BA006473D6 /* EcommerceSwiftUIApp.swift */,
				519379AB296385BA006473D6 /* ContentView.swift */,
			);
			path = App;
			sourceTree = "<group>";
		};
		517E01302964D7C500144F24 /* View */ = {
			isa = PBXGroup;
			children = (
				517E01322964D7D500144F24 /* Details */,
				517E01312964D7CF00144F24 /* Home */,
			);
			path = View;
			sourceTree = "<group>";
		};
		517E01312964D7CF00144F24 /* Home */ = {
			isa = PBXGroup;
			children = (
				518A8CF02966178E005D607B /* HomePage.swift */,
				518A8CF22966196D005D607B /* NavigationBarView.swift */,
			);
			path = Home;
			sourceTree = "<group>";
		};
		517E01322964D7D500144F24 /* Details */ = {
			isa = PBXGroup;
			children = (
			);
			path = Details;
			sourceTree = "<group>";
		};
		517E01332964D7E300144F24 /* Model */ = {
			isa = PBXGroup;
			children = (
			);
			path = Model;
			sourceTree = "<group>";
		};
		517E01342964D7F400144F24 /* Extension */ = {
			isa = PBXGroup;
			children = (
			);
			path = Extension;
			sourceTree = "<group>";
		};
		517E01352964D80200144F24 /* Utility */ = {
			isa = PBXGroup;
			children = (
				517E01362964D8CA00144F24 /* Constant.swift */,
			);
			path = Utility;
			sourceTree = "<group>";
		};
		5193799D296385BA006473D6 = {
			isa = PBXGroup;
			children = (
				519379A8296385BA006473D6 /* EcommerceSwiftUI */,
				519379A7296385BA006473D6 /* Products */,
			);
			sourceTree = "<group>";
		};
		519379A7296385BA006473D6 /* Products */ = {
			isa = PBXGroup;
			children = (
				519379A6296385BA006473D6 /* EcommerceSwiftUI.app */,
			);
			name = Products;
			sourceTree = "<group>";
		};
		519379A8296385BA006473D6 /* EcommerceSwiftUI */ = {
			isa = PBXGroup;
			children = (
				517E012F2964D7A300144F24 /* App */,
				517E01302964D7C500144F24 /* View */,
				517E012D2964D5E800144F24 /* Data */,
				517E01332964D7E300144F24 /* Model */,
				517E01342964D7F400144F24 /* Extension */,
				517E01352964D80200144F24 /* Utility */,
				517E012E2964D64F00144F24 /* Info.plist */,
				519379AD296385BB006473D6 /* Assets.xcassets */,
				519379AF296385BB006473D6 /* Preview Content */,
			);
			path = EcommerceSwiftUI;
			sourceTree = "<group>";
		};
		519379AF296385BB006473D6 /* Preview Content */ = {
			isa = PBXGroup;
			children = (
				519379B0296385BB006473D6 /* Preview Assets.xcassets */,
			);
			path = "Preview Content";
			sourceTree = "<group>";
		};
/* End PBXGroup section */

/* Begin PBXNativeTarget section */
		519379A5296385BA006473D6 /* EcommerceSwiftUI */ = {
			isa = PBXNativeTarget;
			buildConfigurationList = 519379B4296385BB006473D6 /* Build configuration list for PBXNativeTarget "EcommerceSwiftUI" */;
			buildPhases = (
				519379A2296385BA006473D6 /* Sources */,
				519379A3296385BA006473D6 /* Frameworks */,
				519379A4296385BA006473D6 /* Resources */,
			);
			buildRules = (
			);
			dependencies = (
			);
			name = EcommerceSwiftUI;
			productName = EcommerceSwiftUI;
			productReference = 519379A6296385BA006473D6 /* EcommerceSwiftUI.app */;
			productType = "com.apple.product-type.application";
		};
/* End PBXNativeTarget section */

/* Begin PBXProject section */
		5193799E296385BA006473D6 /* Project object */ = {
			isa = PBXProject;
			attributes = {
				BuildIndependentTargetsInParallel = 1;
				LastSwiftUpdateCheck = 1410;
				LastUpgradeCheck = 1410;
				TargetAttributes = {
					519379A5296385BA006473D6 = {
						CreatedOnToolsVersion = 14.1;
					};
				};
			};
			buildConfigurationList = 519379A1296385BA006473D6 /* Build configuration list for PBXProject "EcommerceSwiftUI" */;
			compatibilityVersion = "Xcode 14.0";
			developmentRegion = en;
			hasScannedForEncodings = 0;
			knownRegions = (
				en,
				Base,
			);
			mainGroup = 5193799D296385BA006473D6;
			productRefGroup = 519379A7296385BA006473D6 /* Products */;
			projectDirPath = "";
			projectRoot = "";
			targets = (
				519379A5296385BA006473D6 /* EcommerceSwiftUI */,
			);
		};
/* End PBXProject section */

/* Begin PBXResourcesBuildPhase section */
		519379A4296385BA006473D6 /* Resources */ = {
			isa = PBXResourcesBuildPhase;
			buildActionMask = 2147483647;
			files = (
				517E01292964D5CC00144F24 /* player.json in Resources */,
				519379B1296385BB006473D6 /* Preview Assets.xcassets in Resources */,
				519379AE296385BB006473D6 /* Assets.xcassets in Resources */,
				517E012A2964D5CC00144F24 /* category.json in Resources */,
				517E012B2964D5CC00144F24 /* product.json in Resources */,
				517E012C2964D5CC00144F24 /* brand.json in Resources */,
			);
			runOnlyForDeploymentPostprocessing = 0;
		};
/* End PBXResourcesBuildPhase section */

/* Begin PBXSourcesBuildPhase section */
		519379A2296385BA006473D6 /* Sources */ = {
			isa = PBXSourcesBuildPhase;
			buildActionMask = 2147483647;
			files = (
				519379AC296385BA006473D6 /* ContentView.swift in Sources */,
				519379AA296385BA006473D6 /* EcommerceSwiftUIApp.swift in Sources */,
				517E01372964D8CA00144F24 /* Constant.swift in Sources */,
				518A8CF12966178E005D607B /* HomePage.swift in Sources */,
				518A8CF32966196D005D607B /* NavigationBarView.swift in Sources */,
			);
			runOnlyForDeploymentPostprocessing = 0;
		};
/* End PBXSourcesBuildPhase section */

/* Begin XCBuildConfiguration section */
		519379B2296385BB006473D6 /* Debug */ = {
			isa = XCBuildConfiguration;
			buildSettings = {
				ALWAYS_SEARCH_USER_PATHS = NO;
				CLANG_ANALYZER_NONNULL = YES;
				CLANG_ANALYZER_NUMBER_OBJECT_CONVERSION = YES_AGGRESSIVE;
				CLANG_CXX_LANGUAGE_STANDARD = "gnu++20";
				CLANG_ENABLE_MODULES = YES;
				CLANG_ENABLE_OBJC_ARC = YES;
				CLANG_ENABLE_OBJC_WEAK = YES;
				CLANG_WARN_BLOCK_CAPTURE_AUTORELEASING = YES;
				CLANG_WARN_BOOL_CONVERSION = YES;
				CLANG_WARN_COMMA = YES;
				CLANG_WARN_CONSTANT_CONVERSION = YES;
				CLANG_WARN_DEPRECATED_OBJC_IMPLEMENTATIONS = YES;
				CLANG_WARN_DIRECT_OBJC_ISA_USAGE = YES_ERROR;
				CLANG_WARN_DOCUMENTATION_COMMENTS = YES;
				CLANG_WARN_EMPTY_BODY = YES;
				CLANG_WARN_ENUM_CONVERSION = YES;
				CLANG_WARN_INFINITE_RECURSION = YES;
				CLANG_WARN_INT_CONVERSION = YES;
				CLANG_WARN_NON_LITERAL_NULL_CONVERSION = YES;
				CLANG_WARN_OBJC_IMPLICIT_RETAIN_SELF = YES;
				CLANG_WARN_OBJC_LITERAL_CONVERSION = YES;
				CLANG_WARN_OBJC_ROOT_CLASS = YES_ERROR;
				CLANG_WARN_QUOTED_INCLUDE_IN_FRAMEWORK_HEADER = YES;
				CLANG_WARN_RANGE_LOOP_ANALYSIS = YES;
				CLANG_WARN_STRICT_PROTOTYPES = YES;
				CLANG_WARN_SUSPICIOUS_MOVE = YES;
				CLANG_WARN_UNGUARDED_AVAILABILITY = YES_AGGRESSIVE;
				CLANG_WARN_UNREACHABLE_CODE = YES;
				CLANG_WARN__DUPLICATE_METHOD_MATCH = YES;
				COPY_PHASE_STRIP = NO;
				DEBUG_INFORMATION_FORMAT = dwarf;
				ENABLE_STRICT_OBJC_MSGSEND = YES;
				ENABLE_TESTABILITY = YES;
				GCC_C_LANGUAGE_STANDARD = gnu11;
				GCC_DYNAMIC_NO_PIC = NO;
				GCC_NO_COMMON_BLOCKS = YES;
				GCC_OPTIMIZATION_LEVEL = 0;
				GCC_PREPROCESSOR_DEFINITIONS = (
					"DEBUG=1",
					"$(inherited)",
				);
				GCC_WARN_64_TO_32_BIT_CONVERSION = YES;
				GCC_WARN_ABOUT_RETURN_TYPE = YES_ERROR;
				GCC_WARN_UNDECLARED_SELECTOR = YES;
				GCC_WARN_UNINITIALIZED_AUTOS = YES_AGGRESSIVE;
				GCC_WARN_UNUSED_FUNCTION = YES;
				GCC_WARN_UNUSED_VARIABLE = YES;
				IPHONEOS_DEPLOYMENT_TARGET = 16.1;
				MTL_ENABLE_DEBUG_INFO = INCLUDE_SOURCE;
				MTL_FAST_MATH = YES;
				ONLY_ACTIVE_ARCH = YES;
				SDKROOT = iphoneos;
				SWIFT_ACTIVE_COMPILATION_CONDITIONS = DEBUG;
				SWIFT_OPTIMIZATION_LEVEL = "-Onone";
			};
			name = Debug;
		};
		519379B3296385BB006473D6 /* Release */ = {
			isa = XCBuildConfiguration;
			buildSettings = {
				ALWAYS_SEARCH_USER_PATHS = NO;
				CLANG_ANALYZER_NONNULL = YES;
				CLANG_ANALYZER_NUMBER_OBJECT_CONVERSION = YES_AGGRESSIVE;
				CLANG_CXX_LANGUAGE_STANDARD = "gnu++20";
				CLANG_ENABLE_MODULES = YES;
				CLANG_ENABLE_OBJC_ARC = YES;
				CLANG_ENABLE_OBJC_WEAK = YES;
				CLANG_WARN_BLOCK_CAPTURE_AUTORELEASING = YES;
				CLANG_WARN_BOOL_CONVERSION = YES;
				CLANG_WARN_COMMA = YES;
				CLANG_WARN_CONSTANT_CONVERSION = YES;
				CLANG_WARN_DEPRECATED_OBJC_IMPLEMENTATIONS = YES;
				CLANG_WARN_DIRECT_OBJC_ISA_USAGE = YES_ERROR;
				CLANG_WARN_DOCUMENTATION_COMMENTS = YES;
				CLANG_WARN_EMPTY_BODY = YES;
				CLANG_WARN_ENUM_CONVERSION = YES;
				CLANG_WARN_INFINITE_RECURSION = YES;
				CLANG_WARN_INT_CONVERSION = YES;
				CLANG_WARN_NON_LITERAL_NULL_CONVERSION = YES;
				CLANG_WARN_OBJC_IMPLICIT_RETAIN_SELF = YES;
				CLANG_WARN_OBJC_LITERAL_CONVERSION = YES;
				CLANG_WARN_OBJC_ROOT_CLASS = YES_ERROR;
				CLANG_WARN_QUOTED_INCLUDE_IN_FRAMEWORK_HEADER = YES;
				CLANG_WARN_RANGE_LOOP_ANALYSIS = YES;
				CLANG_WARN_STRICT_PROTOTYPES = YES;
				CLANG_WARN_SUSPICIOUS_MOVE = YES;
				CLANG_WARN_UNGUARDED_AVAILABILITY = YES_AGGRESSIVE;
				CLANG_WARN_UNREACHABLE_CODE = YES;
				CLANG_WARN__DUPLICATE_METHOD_MATCH = YES;
				COPY_PHASE_STRIP = NO;
				DEBUG_INFORMATION_FORMAT = "dwarf-with-dsym";
				ENABLE_NS_ASSERTIONS = NO;
				ENABLE_STRICT_OBJC_MSGSEND = YES;
				GCC_C_LANGUAGE_STANDARD = gnu11;
				GCC_NO_COMMON_BLOCKS = YES;
				GCC_WARN_64_TO_32_BIT_CONVERSION = YES;
				GCC_WARN_ABOUT_RETURN_TYPE = YES_ERROR;
				GCC_WARN_UNDECLARED_SELECTOR = YES;
				GCC_WARN_UNINITIALIZED_AUTOS = YES_AGGRESSIVE;
				GCC_WARN_UNUSED_FUNCTION = YES;
				GCC_WARN_UNUSED_VARIABLE = YES;
				IPHONEOS_DEPLOYMENT_TARGET = 16.1;
				MTL_ENABLE_DEBUG_INFO = NO;
				MTL_FAST_MATH = YES;
				SDKROOT = iphoneos;
				SWIFT_COMPILATION_MODE = wholemodule;
				SWIFT_OPTIMIZATION_LEVEL = "-O";
				VALIDATE_PRODUCT = YES;
			};
			name = Release;
		};
		519379B5296385BB006473D6 /* Debug */ = {
			isa = XCBuildConfiguration;
			buildSettings = {
				ASSETCATALOG_COMPILER_APPICON_NAME = AppIcon;
				ASSETCATALOG_COMPILER_GLOBAL_ACCENT_COLOR_NAME = AccentColor;
				CODE_SIGN_STYLE = Automatic;
				CURRENT_PROJECT_VERSION = 1;
				DEVELOPMENT_ASSET_PATHS = "\"EcommerceSwiftUI/Preview Content\"";
				DEVELOPMENT_TEAM = 84Q863499G;
				ENABLE_PREVIEWS = YES;
				GENERATE_INFOPLIST_FILE = YES;
				INFOPLIST_FILE = EcommerceSwiftUI/Info.plist;
				INFOPLIST_KEY_CFBundleDisplayName = Ecomo;
				INFOPLIST_KEY_UIApplicationSceneManifest_Generation = YES;
				INFOPLIST_KEY_UIApplicationSupportsIndirectInputEvents = YES;
				INFOPLIST_KEY_UISupportedInterfaceOrientations = UIInterfaceOrientationPortrait;
				INFOPLIST_KEY_UIUserInterfaceStyle = Light;
				LD_RUNPATH_SEARCH_PATHS = (
					"$(inherited)",
					"@executable_path/Frameworks",
				);
				MARKETING_VERSION = 1.0;
				PRODUCT_BUNDLE_IDENTIFIER = com.ecommerce.swiftui;
				PRODUCT_NAME = "$(TARGET_NAME)";
				SWIFT_EMIT_LOC_STRINGS = YES;
				SWIFT_VERSION = 5.0;
				TARGETED_DEVICE_FAMILY = "1,2";
			};
			name = Debug;
		};
		519379B6296385BB006473D6 /* Release */ = {
			isa = XCBuildConfiguration;
			buildSettings = {
				ASSETCATALOG_COMPILER_APPICON_NAME = AppIcon;
				ASSETCATALOG_COMPILER_GLOBAL_ACCENT_COLOR_NAME = AccentColor;
				CODE_SIGN_STYLE = Automatic;
				CURRENT_PROJECT_VERSION = 1;
				DEVELOPMENT_ASSET_PATHS = "\"EcommerceSwiftUI/Preview Content\"";
				DEVELOPMENT_TEAM = 84Q863499G;
				ENABLE_PREVIEWS = YES;
				GENERATE_INFOPLIST_FILE = YES;
				INFOPLIST_FILE = EcommerceSwiftUI/Info.plist;
				INFOPLIST_KEY_CFBundleDisplayName = Ecomo;
				INFOPLIST_KEY_UIApplicationSceneManifest_Generation = YES;
				INFOPLIST_KEY_UIApplicationSupportsIndirectInputEvents = YES;
				INFOPLIST_KEY_UISupportedInterfaceOrientations = UIInterfaceOrientationPortrait;
				INFOPLIST_KEY_UIUserInterfaceStyle = Light;
				LD_RUNPATH_SEARCH_PATHS = (
					"$(inherited)",
					"@executable_path/Frameworks",
				);
				MARKETING_VERSION = 1.0;
				PRODUCT_BUNDLE_IDENTIFIER = com.ecommerce.swiftui;
				PRODUCT_NAME = "$(TARGET_NAME)";
				SWIFT_EMIT_LOC_STRINGS = YES;
				SWIFT_VERSION = 5.0;
				TARGETED_DEVICE_FAMILY = "1,2";
			};
			name = Release;
		};
/* End XCBuildConfiguration section */

/* Begin XCConfigurationList section */
		519379A1296385BA006473D6 /* Build configuration list for PBXProject "EcommerceSwiftUI" */ = {
			isa = XCConfigurationList;
			buildConfigurations = (
				519379B2296385BB006473D6 /* Debug */,
				519379B3296385BB006473D6 /* Release */,
			);
			defaultConfigurationIsVisible = 0;
			defaultConfigurationName = Release;
		};
		519379B4296385BB006473D6 /* Build configuration list for PBXNativeTarget "EcommerceSwiftUI" */ = {
			isa = XCConfigurationList;
			buildConfigurations = (
				519379B5296385BB006473D6 /* Debug */,
				519379B6296385BB006473D6 /* Release */,
			);
			defaultConfigurationIsVisible = 0;
			defaultConfigurationName = Release;
		};
/* End XCConfigurationList section */
	};
	rootObject = 5193799E296385BA006473D6 /* Project object */;
}
